
Microsoft Visual Studio Solution File, Format Version 12.00
# Visual Studio Version 16
VisualStudioVersion = 16.0.29920.165
MinimumVisualStudioVersion = 10.0.40219.1
Project("{FAE04EC0-301F-11D3-BF4B-00C04F79EFBC}") = "ToyTrex", "ToyTrex\ToyTrex.csproj", "{56BC8511-D8C1-4005-9054-C1E787800FEA}"
EndProject
Global
	GlobalSection(SolutionConfigurationPlatforms) = preSolution
		Debug|Any CPU = Debug|Any CPU
		Release|Any CPU = Release|Any CPU
	EndGlobalSection
	GlobalSection(ProjectConfigurationPlatforms) = postSolution
		{56BC8511-D8C1-4005-9054-C1E787800FEA}.Debug|Any CPU.ActiveCfg = Debug|Any CPU
		{56BC8511-D8C1-4005-9054-C1E787800FEA}.Debug|Any CPU.Build.0 = Debug|Any CPU
		{56BC8511-D8C1-4005-9054-C1E787800FEA}.Release|Any CPU.ActiveCfg = Release|Any CPU
		{56BC8511-D8C1-4005-9054-C1E787800FEA}.Release|Any CPU.Build.0 = Release|Any CPU
	EndGlobalSection
	GlobalSection(SolutionProperties) = preSolution
		HideSolutionNode = FALSE
	EndGlobalSection
	GlobalSection(ExtensibilityGlobals) = postSolution
		SolutionGuid = {A76C381B-F84C-40F5-A532-968E019EA6CB}
	EndGlobalSection
EndGlobal
